<?xml version="1.0" encoding="utf-8"?>
<Project ToolsVersion="4.0" xmlns="http://schemas.microsoft.com/developer/msbuild/2003">
  <ItemGroup>
    <Filter Include="Source Files">
      <UniqueIdentifier>{4FC737F1-C7A5-4376-A066-2A32D752A2FF}</UniqueIdentifier>
      <Extensions>cpp;c;cc;cxx;def;odl;idl;hpj;bat;asm;asmx</Extensions>
    </Filter>
    <Filter Include="Header Files">
      <UniqueIdentifier>{93995380-89BD-4b04-88EB-625FBE52EBFB}</UniqueIdentifier>
      <Extensions>h;hpp;hxx;hm;inl;inc;xsd</Extensions>
    </Filter>
    <Filter Include="Resource Files">
      <UniqueIdentifier>{67DA6AB6-F800-4c08-8B7A-83BB121AAD01}</UniqueIdentifier>
      <Extensions>rc;ico;cur;bmp;dlg;rc2;rct;bin;rgs;gif;jpg;jpeg;jpe;resx;tiff;tif;png;wav;mfcribbon-ms</Extensions>
    </Filter>
  </ItemGroup>
  <ItemGroup>
    <ClInclude Include="bios.h">
      <Filter>Header Files</Filter>
    </ClInclude>
    <ClInclude Include="dcache.h">
      <Filter>Header Files</Filter>
    </ClInclude>
    <ClInclude Include="decode.h">
      <Filter>Header Files</Filter>
    </ClInclude>
    <ClInclude Include="directive.h">
      <Filter>Header Files</Filter>
    </ClInclude>
    <ClInclude Include="exec.h">
      <Filter>Header Files</Filter>
    </ClInclude>
    <ClInclude Include="fetch.h">
      <Filter>Header Files</Filter>
    </ClInclude>
    <ClInclude Include="floating.h">
      <Filter>Header Files</Filter>
    </ClInclude>
    <ClInclude Include="icache.h">
      <Filter>Header Files</Filter>
    </ClInclude>
    <ClInclude Include="mmxu.h">
      <Filter>Header Files</Filter>
    </ClInclude>
    <ClInclude Include="paging.h">
      <Filter>Header Files</Filter>
    </ClInclude>
    <ClInclude Include="pic.h">
      <Filter>Header Files</Filter>
    </ClInclude>
    <ClInclude Include="src\fstream.h">
      <Filter>Header Files</Filter>
    </ClInclude>
    <ClInclude Include="src\iostream.h">
      <Filter>Header Files</Filter>
    </ClInclude>
    <ClInclude Include="src\sc_2d.h">
      <Filter>Header Files</Filter>
    </ClInclude>
    <ClInclude Include="src\sc_aproc.h">
      <Filter>Header Files</Filter>
    </ClInclude>
    <ClInclude Include="src\sc_array.h">
      <Filter>Header Files</Filter>
    </ClInclude>
    <ClInclude Include="src\sc_array_concat.h">
      <Filter>Header Files</Filter>
    </ClInclude>
    <ClInclude Include="src\sc_async.h">
      <Filter>Header Files</Filter>
    </ClInclude>
    <ClInclude Include="src\sc_bit.h">
      <Filter>Header Files</Filter>
    </ClInclude>
    <ClInclude Include="src\sc_bool_vector.h">
      <Filter>Header Files</Filter>
    </ClInclude>
    <ClInclude Include="src\sc_bv.h">
      <Filter>Header Files</Filter>
    </ClInclude>
    <ClInclude Include="src\sc_bvrep.h">
      <Filter>Header Files</Filter>
    </ClInclude>
    <ClInclude Include="src\sc_channel.h">
      <Filter>Header Files</Filter>
    </ClInclude>
    <ClInclude Include="src\sc_channel_array.h">
      <Filter>Header Files</Filter>
    </ClInclude>
    <ClInclude Include="src\sc_clock.h">
      <Filter>Header Files</Filter>
    </ClInclude>
    <ClInclude Include="src\sc_clock_int.h">
      <Filter>Header Files</Filter>
    </ClInclude>
    <ClInclude Include="src\sc_cmnhdr.h">
      <Filter>Header Files</Filter>
    </ClInclude>
    <ClInclude Include="src\sc_constants.h">
      <Filter>Header Files</Filter>
    </ClInclude>
    <ClInclude Include="src\sc_context_switch.h">
      <Filter>Header Files</Filter>
    </ClInclude>
    <ClInclude Include="src\sc_dump.h">
      <Filter>Header Files</Filter>
    </ClInclude>
    <ClInclude Include="src\sc_err_handler.h">
      <Filter>Header Files</Filter>
    </ClInclude>
    <ClInclude Include="src\sc_except.h">
      <Filter>Header Files</Filter>
    </ClInclude>
    <ClInclude Include="src\sc_exception.h">
      <Filter>Header Files</Filter>
    </ClInclude>
    <ClInclude Include="src\sc_externs.h">
      <Filter>Header Files</Filter>
    </ClInclude>
    <ClInclude Include="src\sc_hash.h">
      <Filter>Header Files</Filter>
    </ClInclude>
    <ClInclude Include="src\sc_helpers.h">
      <Filter>Header Files</Filter>
    </ClInclude>
    <ClInclude Include="src\sc_isdb_trace.h">
      <Filter>Header Files</Filter>
    </ClInclude>
    <ClInclude Include="src\sc_lambda.h">
      <Filter>Header Files</Filter>
    </ClInclude>
    <ClInclude Include="src\sc_list.h">
      <Filter>Header Files</Filter>
    </ClInclude>
    <ClInclude Include="src\sc_logic.h">
      <Filter>Header Files</Filter>
    </ClInclude>
    <ClInclude Include="src\sc_logic_vector.h">
      <Filter>Header Files</Filter>
    </ClInclude>
    <ClInclude Include="src\sc_lv.h">
      <Filter>Header Files</Filter>
    </ClInclude>
    <ClInclude Include="src\sc_macros.h">
      <Filter>Header Files</Filter>
    </ClInclude>
    <ClInclude Include="src\sc_macros_int.h">
      <Filter>Header Files</Filter>
    </ClInclude>
    <ClInclude Include="src\sc_measure.h">
      <Filter>Header Files</Filter>
    </ClInclude>
    <ClInclude Include="src\sc_mempool.h">
      <Filter>Header Files</Filter>
    </ClInclude>
    <ClInclude Include="src\sc_module.h">
      <Filter>Header Files</Filter>
    </ClInclude>
    <ClInclude Include="src\sc_module_int.h">
      <Filter>Header Files</Filter>
    </ClInclude>
    <ClInclude Include="src\sc_module_name.h">
      <Filter>Header Files</Filter>
    </ClInclude>
    <ClInclude Include="src\sc_module_prm.h">
      <Filter>Header Files</Filter>
    </ClInclude>
    <ClInclude Include="src\sc_object.h">
      <Filter>Header Files</Filter>
    </ClInclude>
    <ClInclude Include="src\sc_object_manager.h">
      <Filter>Header Files</Filter>
    </ClInclude>
    <ClInclude Include="src\sc_old.h">
      <Filter>Header Files</Filter>
    </ClInclude>
    <ClInclude Include="src\sc_polarity.h">
      <Filter>Header Files</Filter>
    </ClInclude>
    <ClInclude Include="src\sc_port.h">
      <Filter>Header Files</Filter>
    </ClInclude>
    <ClInclude Include="src\sc_port_clk.h">
      <Filter>Header Files</Filter>
    </ClInclude>
    <ClInclude Include="src\sc_port_manager.h">
      <Filter>Header Files</Filter>
    </ClInclude>
    <ClInclude Include="src\sc_port_sc_bit.h">
      <Filter>Header Files</Filter>
    </ClInclude>
    <ClInclude Include="src\sc_pq.h">
      <Filter>Header Files</Filter>
    </ClInclude>
    <ClInclude Include="src\sc_process.h">
      <Filter>Header Files</Filter>
    </ClInclude>
    <ClInclude Include="src\sc_process_int.h">
      <Filter>Header Files</Filter>
    </ClInclude>
    <ClInclude Include="src\sc_ptr.h">
      <Filter>Header Files</Filter>
    </ClInclude>
    <ClInclude Include="src\sc_reslv.h">
      <Filter>Header Files</Filter>
    </ClInclude>
    <ClInclude Include="src\sc_reslv_vector.h">
      <Filter>Header Files</Filter>
    </ClInclude>
    <ClInclude Include="src\sc_resolved.h">
      <Filter>Header Files</Filter>
    </ClInclude>
    <ClInclude Include="src\sc_resolved_array.h">
      <Filter>Header Files</Filter>
    </ClInclude>
    <ClInclude Include="src\sc_sensitive.h">
      <Filter>Header Files</Filter>
    </ClInclude>
    <ClInclude Include="src\sc_signal.h">
      <Filter>Header Files</Filter>
    </ClInclude>
    <ClInclude Include="src\sc_signal_array.h">
      <Filter>Header Files</Filter>
    </ClInclude>
    <ClInclude Include="src\sc_signal_delay.h">
      <Filter>Header Files</Filter>
    </ClInclude>
    <ClInclude Include="src\sc_signal_deval.h">
      <Filter>Header Files</Filter>
    </ClInclude>
    <ClInclude Include="src\sc_signal_optimize.h">
      <Filter>Header Files</Filter>
    </ClInclude>
    <ClInclude Include="src\sc_signal_rv.h">
      <Filter>Header Files</Filter>
    </ClInclude>
    <ClInclude Include="src\sc_signal_sc_bit.h">
      <Filter>Header Files</Filter>
    </ClInclude>
    <ClInclude Include="src\sc_simcontext.h">
      <Filter>Header Files</Filter>
    </ClInclude>
    <ClInclude Include="src\sc_simcontext_int.h">
      <Filter>Header Files</Filter>
    </ClInclude>
    <ClInclude Include="src\sc_stl.h">
      <Filter>Header Files</Filter>
    </ClInclude>
    <ClInclude Include="src\sc_string.h">
      <Filter>Header Files</Filter>
    </ClInclude>
    <ClInclude Include="src\sc_sync.h">
      <Filter>Header Files</Filter>
    </ClInclude>
    <ClInclude Include="src\sc_templ.h">
      <Filter>Header Files</Filter>
    </ClInclude>
    <ClInclude Include="src\sc_trace.h">
      <Filter>Header Files</Filter>
    </ClInclude>
    <ClInclude Include="src\sc_vcd_trace.h">
      <Filter>Header Files</Filter>
    </ClInclude>
    <ClInclude Include="src\sc_vector.h">
      <Filter>Header Files</Filter>
    </ClInclude>
    <ClInclude Include="src\sc_ver.h">
      <Filter>Header Files</Filter>
    </ClInclude>
    <ClInclude Include="src\sc_wait.h">
      <Filter>Header Files</Filter>
    </ClInclude>
    <ClInclude Include="src\sc_wif_trace.h">
      <Filter>Header Files</Filter>
    </ClInclude>
    <ClInclude Include="src\sc_write_macros.h">
      <Filter>Header Files</Filter>
    </ClInclude>
    <ClInclude Include="src\systemc.h">
      <Filter>Header Files</Filter>
    </ClInclude>
    <ClInclude Include="src\numeric_bit\numeric_bit.h">
      <Filter>Header Files</Filter>
    </ClInclude>
    <ClInclude Include="src\numeric_bit\sc_bigint.h">
      <Filter>Header Files</Filter>
    </ClInclude>
    <ClInclude Include="src\numeric_bit\sc_biguint.h">
      <Filter>Header Files</Filter>
    </ClInclude>
    <ClInclude Include="src\numeric_bit\sc_int.h">
      <Filter>Header Files</Filter>
    </ClInclude>
    <ClInclude Include="src\numeric_bit\sc_int_defs.h">
      <Filter>Header Files</Filter>
    </ClInclude>
    <ClInclude Include="src\numeric_bit\sc_int32.h">
      <Filter>Header Files</Filter>
    </ClInclude>
    <ClInclude Include="src\numeric_bit\sc_int32_defs.h">
      <Filter>Header Files</Filter>
    </ClInclude>
    <ClInclude Include="src\numeric_bit\sc_nbdefs.h">
      <Filter>Header Files</Filter>
    </ClInclude>
    <ClInclude Include="src\numeric_bit\sc_nbexterns.h">
      <Filter>Header Files</Filter>
    </ClInclude>
    <ClInclude Include="src\numeric_bit\sc_nbutils.h">
      <Filter>Header Files</Filter>
    </ClInclude>
    <ClInclude Include="src\numeric_bit\sc_nbwrite.h">
      <Filter>Header Files</Filter>
    </ClInclude>
    <ClInclude Include="src\numeric_bit\sc_signed.h">
      <Filter>Header Files</Filter>
    </ClInclude>
    <ClInclude Include="src\numeric_bit\sc_uint.h">
      <Filter>Header Files</Filter>
    </ClInclude>
    <ClInclude Include="src\numeric_bit\sc_uint_defs.h">
      <Filter>Header Files</Filter>
    </ClInclude>
    <ClInclude Include="src\numeric_bit\sc_uint32.h">
      <Filter>Header Files</Filter>
    </ClInclude>
    <ClInclude Include="src\numeric_bit\sc_uint32_defs.h">
      <Filter>Header Files</Filter>
    </ClInclude>
    <ClInclude Include="src\numeric_bit\sc_unsigned.h">
      <Filter>Header Files</Filter>
    </ClInclude>
    <ClInclude Include="src\numeric_bit\fx\fx.h">
      <Filter>Header Files</Filter>
    </ClInclude>
    <ClInclude Include="src\numeric_bit\fx\sc_context.h">
      <Filter>Header Files</Filter>
    </ClInclude>
    <ClInclude Include="src\numeric_bit\fx\sc_fix.h">
      <Filter>Header Files</Filter>
    </ClInclude>
    <ClInclude Include="src\numeric_bit\fx\sc_fixed.h">
      <Filter>Header Files</Filter>
    </ClInclude>
    <ClInclude Include="src\numeric_bit\fx\sc_fxcast_switch.h">
      <Filter>Header Files</Filter>
    </ClInclude>
    <ClInclude Include="src\numeric_bit\fx\sc_fxdefs.h">
      <Filter>Header Files</Filter>
    </ClInclude>
    <ClInclude Include="src\numeric_bit\fx\sc_fxnum.h">
      <Filter>Header Files</Filter>
    </ClInclude>
    <ClInclude Include="src\numeric_bit\fx\sc_fxnum_bitref.h">
      <Filter>Header Files</Filter>
    </ClInclude>
    <ClInclude Include="src\numeric_bit\fx\sc_fxnum_subref.h">
      <Filter>Header Files</Filter>
    </ClInclude>
    <ClInclude Include="src\numeric_bit\fx\sc_fxtype_params.h">
      <Filter>Header Files</Filter>
    </ClInclude>
    <ClInclude Include="src\numeric_bit\fx\sc_fxval.h">
      <Filter>Header Files</Filter>
    </ClInclude>
    <ClInclude Include="src\numeric_bit\fx\sc_report.h">
      <Filter>Header Files</Filter>
    </ClInclude>
    <ClInclude Include="src\numeric_bit\fx\sc_report_handler.h">
      <Filter>Header Files</Filter>
    </ClInclude>
    <ClInclude Include="src\numeric_bit\fx\sc_ufix.h">
      <Filter>Header Files</Filter>
    </ClInclude>
    <ClInclude Include="src\numeric_bit\fx\sc_ufixed.h">
      <Filter>Header Files</Filter>
    </ClInclude>
    <ClInclude Include="src\numeric_bit\fx\scfx_ieee.h">
      <Filter>Header Files</Filter>
    </ClInclude>
    <ClInclude Include="src\numeric_bit\fx\scfx_mant.h">
      <Filter>Header Files</Filter>
    </ClInclude>
    <ClInclude Include="src\numeric_bit\fx\scfx_other_defs.h">
      <Filter>Header Files</Filter>
    </ClInclude>
    <ClInclude Include="src\numeric_bit\fx\scfx_params.h">
      <Filter>Header Files</Filter>
    </ClInclude>
    <ClInclude Include="src\numeric_bit\fx\scfx_pow10.h">
      <Filter>Header Files</Filter>
    </ClInclude>
    <ClInclude Include="src\numeric_bit\fx\scfx_rep.h">
      <Filter>Header Files</Filter>
    </ClInclude>
    <ClInclude Include="src\numeric_bit\fx\scfx_string.h">
      <Filter>Header Files</Filter>
    </ClInclude>
    <ClInclude Include="src\numeric_bit\fx\scfx_utils.h">
      <Filter>Header Files</Filter>
    </ClInclude>
  </ItemGroup>
  <ItemGroup>
    <ClCompile Include="src\numeric_bit\fx\sc_fix.cpp">
      <Filter>Source Files</Filter>
    </ClCompile>
    <ClCompile Include="src\numeric_bit\fx\sc_fxcast_switch.cpp">
      <Filter>Source Files</Filter>
    </ClCompile>
    <ClCompile Include="src\numeric_bit\fx\sc_fxdefs.cpp">
      <Filter>Source Files</Filter>
    </ClCompile>
    <ClCompile Include="src\numeric_bit\fx\sc_fxnum.cpp">
      <Filter>Source Files</Filter>
    </ClCompile>
    <ClCompile Include="src\numeric_bit\fx\sc_fxnum_bitref.cpp">
      <Filter>Source Files</Filter>
    </ClCompile>
    <ClCompile Include="src\numeric_bit\fx\sc_fxnum_subref.cpp">
      <Filter>Source Files</Filter>
    </ClCompile>
    <ClCompile Include="src\numeric_bit\fx\sc_fxtype_params.cpp">
      <Filter>Source Files</Filter>
    </ClCompile>
    <ClCompile Include="src\numeric_bit\fx\sc_fxval.cpp">
      <Filter>Source Files</Filter>
    </ClCompile>
    <ClCompile Include="src\numeric_bit\fx\sc_report.cpp">
      <Filter>Source Files</Filter>
    </ClCompile>
    <ClCompile Include="src\numeric_bit\fx\sc_report_handler.cpp">
      <Filter>Source Files</Filter>
    </ClCompile>
    <ClCompile Include="src\numeric_bit\fx\sc_ufix.cpp">
      <Filter>Source Files</Filter>
    </ClCompile>
    <ClCompile Include="src\numeric_bit\fx\scfx_mant.cpp">
      <Filter>Source Files</Filter>
    </ClCompile>
    <ClCompile Include="src\numeric_bit\fx\scfx_pow10.cpp">
      <Filter>Source Files</Filter>
    </ClCompile>
    <ClCompile Include="src\numeric_bit\fx\scfx_rep.cpp">
      <Filter>Source Files</Filter>
    </ClCompile>
    <ClCompile Include="src\numeric_bit\fx\scfx_utils.cpp">
      <Filter>Source Files</Filter>
    </ClCompile>
    <ClCompile Include="src\numeric_bit\sc_int32_mask.cpp">
      <Filter>Source Files</Filter>
    </ClCompile>
    <ClCompile Include="src\numeric_bit\sc_int64_io.cpp">
      <Filter>Source Files</Filter>
    </ClCompile>
    <ClCompile Include="src\numeric_bit\sc_int64_mask.cpp">
      <Filter>Source Files</Filter>
    </ClCompile>
    <ClCompile Include="src\numeric_bit\sc_nbassign.cpp">
      <Filter>Source Files</Filter>
    </ClCompile>
    <ClCompile Include="src\numeric_bit\sc_nbexterns.cpp">
      <Filter>Source Files</Filter>
    </ClCompile>
    <ClCompile Include="src\numeric_bit\sc_nbutils.cpp">
      <Filter>Source Files</Filter>
    </ClCompile>
    <ClCompile Include="src\numeric_bit\sc_nbwrite.cpp">
      <Filter>Source Files</Filter>
    </ClCompile>
    <ClCompile Include="src\numeric_bit\sc_signed.cpp">
      <Filter>Source Files</Filter>
    </ClCompile>
    <ClCompile Include="src\numeric_bit\sc_unsigned.cpp">
      <Filter>Source Files</Filter>
    </ClCompile>
    <ClCompile Include="src\sc_aproc.cpp">
      <Filter>Source Files</Filter>
    </ClCompile>
    <ClCompile Include="src\sc_aproc_process.cpp">
      <Filter>Source Files</Filter>
    </ClCompile>
    <ClCompile Include="src\sc_array.cpp">
      <Filter>Source Files</Filter>
    </ClCompile>
    <ClCompile Include="src\sc_array_concat.cpp">
      <Filter>Source Files</Filter>
    </ClCompile>
    <ClCompile Include="src\sc_async.cpp">
      <Filter>Source Files</Filter>
    </ClCompile>
    <ClCompile Include="src\sc_async_process.cpp">
      <Filter>Source Files</Filter>
    </ClCompile>
    <ClCompile Include="src\sc_bit.cpp">
      <Filter>Source Files</Filter>
    </ClCompile>
    <ClCompile Include="src\sc_bool_vector.cpp">
      <Filter>Source Files</Filter>
    </ClCompile>
    <ClCompile Include="src\sc_bv.cpp">
      <Filter>Source Files</Filter>
    </ClCompile>
    <ClCompile Include="src\sc_channel_array.cpp">
      <Filter>Source Files</Filter>
    </ClCompile>
    <ClCompile Include="src\sc_clock.cpp">
      <Filter>Source Files</Filter>
    </ClCompile>
    <ClCompile Include="src\sc_context_switch.cpp">
      <Filter>Source Files</Filter>
    </ClCompile>
    <ClCompile Include="src\sc_dump.cpp">
      <Filter>Source Files</Filter>
    </ClCompile>
    <ClCompile Include="src\sc_err_handler.cpp">
      <Filter>Source Files</Filter>
    </ClCompile>
    <ClCompile Include="src\sc_exception.cpp">
      <Filter>Source Files</Filter>
    </ClCompile>
    <ClCompile Include="src\sc_hash.cpp">
      <Filter>Source Files</Filter>
    </ClCompile>
    <ClCompile Include="src\sc_lambda.cpp">
      <Filter>Source Files</Filter>
    </ClCompile>
    <ClCompile Include="src\sc_list.cpp">
      <Filter>Source Files</Filter>
    </ClCompile>
    <ClCompile Include="src\sc_logic.cpp">
      <Filter>Source Files</Filter>
    </ClCompile>
    <ClCompile Include="src\sc_logic_vector.cpp">
      <Filter>Source Files</Filter>
    </ClCompile>
    <ClCompile Include="src\sc_lv.cpp">
      <Filter>Source Files</Filter>
    </ClCompile>
    <ClCompile Include="src\sc_main.cpp">
      <Filter>Source Files</Filter>
    </ClCompile>
    <ClCompile Include="src\sc_measure.cpp">
      <Filter>Source Files</Filter>
    </ClCompile>
    <ClCompile Include="src\sc_mempool.cpp">
      <Filter>Source Files</Filter>
    </ClCompile>
    <ClCompile Include="src\sc_module.cpp">
      <Filter>Source Files</Filter>
    </ClCompile>
    <ClCompile Include="src\sc_module_name.cpp">
      <Filter>Source Files</Filter>
    </ClCompile>
    <ClCompile Include="src\sc_module_prm.cpp">
      <Filter>Source Files</Filter>
    </ClCompile>
    <ClCompile Include="src\sc_object.cpp">
      <Filter>Source Files</Filter>
    </ClCompile>
    <ClCompile Include="src\sc_object_manager.cpp">
      <Filter>Source Files</Filter>
    </ClCompile>
    <ClCompile Include="src\sc_port.cpp">
      <Filter>Source Files</Filter>
    </ClCompile>
    <ClCompile Include="src\sc_port_manager.cpp">
      <Filter>Source Files</Filter>
    </ClCompile>
    <ClCompile Include="src\sc_pq.cpp">
      <Filter>Source Files</Filter>
    </ClCompile>
    <ClCompile Include="src\sc_reslv.cpp">
      <Filter>Source Files</Filter>
    </ClCompile>
    <ClCompile Include="src\sc_reslv_vector.cpp">
      <Filter>Source Files</Filter>
    </ClCompile>
    <ClCompile Include="src\sc_sensitive.cpp">
      <Filter>Source Files</Filter>
    </ClCompile>
    <ClCompile Include="src\sc_signal.cpp">
      <Filter>Source Files</Filter>
    </ClCompile>
    <ClCompile Include="src\sc_signal_array.cpp">
      <Filter>Source Files</Filter>
    </ClCompile>
    <ClCompile Include="src\sc_signal_edgy.cpp">
      <Filter>Source Files</Filter>
    </ClCompile>
    <ClCompile Include="src\sc_signal_optimize.cpp">
      <Filter>Source Files</Filter>
    </ClCompile>
    <ClCompile Include="src\sc_signal_rv.cpp">
      <Filter>Source Files</Filter>
    </ClCompile>
    <ClCompile Include="src\sc_simcontext.cpp">
      <Filter>Source Files</Filter>
    </ClCompile>
    <ClCompile Include="src\sc_string.cpp">
      <Filter>Source Files</Filter>
    </ClCompile>
    <ClCompile Include="src\sc_sync_noopt.cpp">
      <Filter>Source Files</Filter>
    </ClCompile>
    <ClCompile Include="src\sc_sync_opt.cpp">
      <Filter>Source Files</Filter>
    </ClCompile>
    <ClCompile Include="src\sc_sync_process.cpp">
      <Filter>Source Files</Filter>
    </ClCompile>
    <ClCompile Include="src\sc_trace.cpp">
      <Filter>Source Files</Filter>
    </ClCompile>
    <ClCompile Include="src\sc_vcd_trace.cpp">
      <Filter>Source Files</Filter>
    </ClCompile>
    <ClCompile Include="src\sc_vector.cpp">
      <Filter>Source Files</Filter>
    </ClCompile>
    <ClCompile Include="src\sc_ver.cpp">
      <Filter>Source Files</Filter>
    </ClCompile>
    <ClCompile Include="src\sc_wait.cpp">
      <Filter>Source Files</Filter>
    </ClCompile>
    <ClCompile Include="src\sc_wif_trace.cpp">
      <Filter>Source Files</Filter>
    </ClCompile>
    <ClCompile Include="bios.cpp">
      <Filter>Source Files</Filter>
    </ClCompile>
    <ClCompile Include="dcache.cpp">
      <Filter>Source Files</Filter>
    </ClCompile>
    <ClCompile Include="decode.cpp">
      <Filter>Source Files</Filter>
    </ClCompile>
    <ClCompile Include="exec.cpp">
      <Filter>Source Files</Filter>
    </ClCompile>
    <ClCompile Include="fetch.cpp">
      <Filter>Source Files</Filter>
    </ClCompile>
    <ClCompile Include="floating.cpp">
      <Filter>Source Files</Filter>
    </ClCompile>
    <ClCompile Include="icache.cpp">
      <Filter>Source Files</Filter>
    </ClCompile>
    <ClCompile Include="main.cpp">
      <Filter>Source Files</Filter>
    </ClCompile>
    <ClCompile Include="mmxu.cpp">
      <Filter>Source Files</Filter>
    </ClCompile>
    <ClCompile Include="paging.cpp">
      <Filter>Source Files</Filter>
    </ClCompile>
    <ClCompile Include="pic.cpp">
      <Filter>Source Files</Filter>
    </ClCompile>
  </ItemGroup>
</Project>